# AI Playbook Build Lock
# Generated at compile time - DO NOT EDIT

playbook_version: "0.4.0"
mode: "extended"
registry_hash: "7c2d6e8bcdfb5f23b8f4ac10ab32d60def827bca0f912753a66f9b3097e521ae"
generated_at: "2026-01-20T16:48:07+09:00"

compiled_agents:
  - name: "implementer.md"
    source: "minimal"
    sha256: "9ad675ed3da9ddce87817089a62aff524fa658134ed65ee3f1388e5d73e60463"
  - name: "planner.md"
    source: "minimal"
    sha256: "36c0bf92a7572387397169f037e2e24329af1ce1cf305422f6b52b47f6c9eb21"
  - name: "reviewer.md"
    source: "minimal"
    sha256: "fa9eab52a9b87ac4cef2f6956d31e78425610bf4b602c4825925119d1224aa61"
  - name: "rapid-prototyper.md"
    source: "extended"
    sha256: "23c031f3d5e28730f2088274758ad4dc4a0e35a511499a80eba61f45ea6e4e74"
  - name: "test-writer-fixer.md"
    source: "extended"
    sha256: "e143f1a2e3d5074499e1b1d05d617d7923846209215aa698faaeeda701dd3a9c"
